
Microsoft Visual Studio Solution File, Format Version 12.00
# Visual Studio Version 16
VisualStudioVersion = 16.0.29806.167
MinimumVisualStudioVersion = 10.0.40219.1
Project("{9A19103F-16F7-4668-BE54-9A1E7A4F7556}") = "CaveExplorer", "CaveExplorer\CaveExplorer.csproj", "{B4B8CF54-F921-4236-AF30-E27EF418C218}"
EndProject
Project("{9A19103F-16F7-4668-BE54-9A1E7A4F7556}") = "MechStory", "MechStory\MechStory.csproj", "{0D75F1DF-9FCF-4E5B-BC76-EC76844BACD5}"
EndProject
Project("{FAE04EC0-301F-11D3-BF4B-00C04F79EFBC}") = "CaveExplorer.Tests", "CaveExplorer.Tests\CaveExplorer.Tests.csproj", "{0E690C72-9B84-4E16-A770-91232B6A8682}"
EndProject
Global
	GlobalSection(SolutionConfigurationPlatforms) = preSolution
		Debug|Any CPU = Debug|Any CPU
		Release|Any CPU = Release|Any CPU
	EndGlobalSection
	GlobalSection(ProjectConfigurationPlatforms) = postSolution
		{B4B8CF54-F921-4236-AF30-E27EF418C218}.Debug|Any CPU.ActiveCfg = Debug|Any CPU
		{B4B8CF54-F921-4236-AF30-E27EF418C218}.Debug|Any CPU.Build.0 = Debug|Any CPU
		{B4B8CF54-F921-4236-AF30-E27EF418C218}.Release|Any CPU.ActiveCfg = Release|Any CPU
		{B4B8CF54-F921-4236-AF30-E27EF418C218}.Release|Any CPU.Build.0 = Release|Any CPU
		{0D75F1DF-9FCF-4E5B-BC76-EC76844BACD5}.Debug|Any CPU.ActiveCfg = Debug|Any CPU
		{0D75F1DF-9FCF-4E5B-BC76-EC76844BACD5}.Debug|Any CPU.Build.0 = Debug|Any CPU
		{0D75F1DF-9FCF-4E5B-BC76-EC76844BACD5}.Release|Any CPU.ActiveCfg = Release|Any CPU
		{0D75F1DF-9FCF-4E5B-BC76-EC76844BACD5}.Release|Any CPU.Build.0 = Release|Any CPU
		{0E690C72-9B84-4E16-A770-91232B6A8682}.Debug|Any CPU.ActiveCfg = Debug|Any CPU
		{0E690C72-9B84-4E16-A770-91232B6A8682}.Debug|Any CPU.Build.0 = Debug|Any CPU
		{0E690C72-9B84-4E16-A770-91232B6A8682}.Release|Any CPU.ActiveCfg = Release|Any CPU
		{0E690C72-9B84-4E16-A770-91232B6A8682}.Release|Any CPU.Build.0 = Release|Any CPU
	EndGlobalSection
	GlobalSection(SolutionProperties) = preSolution
		HideSolutionNode = FALSE
	EndGlobalSection
	GlobalSection(ExtensibilityGlobals) = postSolution
		SolutionGuid = {331CF5FC-296E-47EF-B2A9-70377253101C}
	EndGlobalSection
EndGlobal
